
Microsoft Visual Studio Solution File, Format Version 12.00
# Visual Studio Version 16
VisualStudioVersion = 16.0.30413.136
MinimumVisualStudioVersion = 10.0.40219.1
Project("{FAE04EC0-301F-11D3-BF4B-00C04F79EFBC}") = "BuildingHelper", "BuildingHelper.csproj", "{B8FF3D39-1CD9-43FB-9510-B5F74383D923}"
EndProject
Global
	GlobalSection(SolutionConfigurationPlatforms) = preSolution
		Debug|Any CPU = Debug|Any CPU
		Release|Any CPU = Release|Any CPU
	EndGlobalSection
	GlobalSection(ProjectConfigurationPlatforms) = postSolution
		{B8FF3D39-1CD9-43FB-9510-B5F74383D923}.Debug|Any CPU.ActiveCfg = Debug|Any CPU
		{B8FF3D39-1CD9-43FB-9510-B5F74383D923}.Debug|Any CPU.Build.0 = Debug|Any CPU
		{B8FF3D39-1CD9-43FB-9510-B5F74383D923}.Release|Any CPU.ActiveCfg = Release|Any CPU
		{B8FF3D39-1CD9-43FB-9510-B5F74383D923}.Release|Any CPU.Build.0 = Release|Any CPU
	EndGlobalSection
	GlobalSection(SolutionProperties) = preSolution
		HideSolutionNode = FALSE
	EndGlobalSection
	GlobalSection(ExtensibilityGlobals) = postSolution
		SolutionGuid = {D812821D-091D-4801-BAA7-834B4848ED33}
	EndGlobalSection
EndGlobal
