
Microsoft Visual Studio Solution File, Format Version 12.00
# Visual Studio Version 16
VisualStudioVersion = 16.0.30413.136
MinimumVisualStudioVersion = 10.0.40219.1
Project("{FAE04EC0-301F-11D3-BF4B-00C04F79EFBC}") = "MoreMapDetails", "MoreMapDetails.csproj", "{E7CA1639-E154-4FC6-83B8-F885CBA12594}"
EndProject
Global
	GlobalSection(SolutionConfigurationPlatforms) = preSolution
		Debug|Any CPU = Debug|Any CPU
		Release|Any CPU = Release|Any CPU
	EndGlobalSection
	GlobalSection(ProjectConfigurationPlatforms) = postSolution
		{E7CA1639-E154-4FC6-83B8-F885CBA12594}.Debug|Any CPU.ActiveCfg = Debug|Any CPU
		{E7CA1639-E154-4FC6-83B8-F885CBA12594}.Debug|Any CPU.Build.0 = Debug|Any CPU
		{E7CA1639-E154-4FC6-83B8-F885CBA12594}.Release|Any CPU.ActiveCfg = Release|Any CPU
		{E7CA1639-E154-4FC6-83B8-F885CBA12594}.Release|Any CPU.Build.0 = Release|Any CPU
	EndGlobalSection
	GlobalSection(SolutionProperties) = preSolution
		HideSolutionNode = FALSE
	EndGlobalSection
	GlobalSection(ExtensibilityGlobals) = postSolution
		SolutionGuid = {77277DE5-EF20-4282-9C24-9C889E6AB502}
	EndGlobalSection
EndGlobal
